
Microsoft Visual Studio Solution File, Format Version 12.00
Project("{2150E333-8FDC-42A3-9474-1A3956D46DE8}") = "Services", "Services", "{00C75FE4-395B-4C31-BCB7-82BD8D67AE46}"
EndProject
Project("{2150E333-8FDC-42A3-9474-1A3956D46DE8}") = "Catalog", "Catalog", "{D348B01F-5B04-4D17-AE28-CA7C652C29E6}"
EndProject
Project("{FAE04EC0-301F-11D3-BF4B-00C04F79EFBC}") = "Catalog.API", "Catalog.API\Catalog.API.csproj", "{A134DBC7-6D08-4049-A714-3716BE159965}"
EndProject
Project("{FAE04EC0-301F-11D3-BF4B-00C04F79EFBC}") = "SharedKernel", "SharedKernel\SharedKernel.csproj", "{25E706D4-DD6D-42D6-9BBE-832B673E1A56}"
EndProject
Project("{2150E333-8FDC-42A3-9474-1A3956D46DE8}") = "Basket", "Basket", "{F9B4582E-F632-4ADD-8E02-2CBED5B7C5F2}"
EndProject
Project("{FAE04EC0-301F-11D3-BF4B-00C04F79EFBC}") = "Basket.API", "Basket.API\Basket.API.csproj", "{A4C32FF8-E075-4983-90A1-F1BEA05FC059}"
EndProject
Project("{2150E333-8FDC-42A3-9474-1A3956D46DE8}") = "Discount", "Discount", "{F0097DEE-4E9E-4FA0-923D-0322060F8527}"
EndProject
Project("{FAE04EC0-301F-11D3-BF4B-00C04F79EFBC}") = "Discount.Grpc", "Discount.Grpc\Discount.Grpc.csproj", "{9042A348-2B7C-48F2-8E40-90CE4EE6F155}"
EndProject
Project("{2150E333-8FDC-42A3-9474-1A3956D46DE8}") = "Ordering", "Ordering", "{0886FCA7-DE0A-4CC9-BF7C-659B6256ED54}"
EndProject
Project("{FAE04EC0-301F-11D3-BF4B-00C04F79EFBC}") = "Ordering.API", "Ordering\Ordering.API\Ordering.API.csproj", "{09875011-5A3A-4A87-9154-56CEBA5287CC}"
EndProject
Project("{FAE04EC0-301F-11D3-BF4B-00C04F79EFBC}") = "Ordering.Domain", "Ordering\Ordering.Domain\Ordering.Domain.csproj", "{B9C07184-F01C-4981-AC60-A0172EEB206B}"
EndProject
Project("{FAE04EC0-301F-11D3-BF4B-00C04F79EFBC}") = "Ordering.Application", "Ordering\Ordering.Application\Ordering.Application.csproj", "{6F37B4C5-B061-4E35-B9A2-CB2A878C431C}"
EndProject
Project("{FAE04EC0-301F-11D3-BF4B-00C04F79EFBC}") = "Ordering.Infrastructure", "Ordering\Ordering.Infrastructure\Ordering.Infrastructure.csproj", "{3DDBF088-9558-4DA8-8373-FEF359260379}"
EndProject
Global
	GlobalSection(SolutionConfigurationPlatforms) = preSolution
		Debug|Any CPU = Debug|Any CPU
		Release|Any CPU = Release|Any CPU
	EndGlobalSection
	GlobalSection(NestedProjects) = preSolution
		{D348B01F-5B04-4D17-AE28-CA7C652C29E6} = {00C75FE4-395B-4C31-BCB7-82BD8D67AE46}
		{A134DBC7-6D08-4049-A714-3716BE159965} = {D348B01F-5B04-4D17-AE28-CA7C652C29E6}
		{F9B4582E-F632-4ADD-8E02-2CBED5B7C5F2} = {00C75FE4-395B-4C31-BCB7-82BD8D67AE46}
		{A4C32FF8-E075-4983-90A1-F1BEA05FC059} = {F9B4582E-F632-4ADD-8E02-2CBED5B7C5F2}
		{F0097DEE-4E9E-4FA0-923D-0322060F8527} = {00C75FE4-395B-4C31-BCB7-82BD8D67AE46}
		{9042A348-2B7C-48F2-8E40-90CE4EE6F155} = {F0097DEE-4E9E-4FA0-923D-0322060F8527}
		{0886FCA7-DE0A-4CC9-BF7C-659B6256ED54} = {00C75FE4-395B-4C31-BCB7-82BD8D67AE46}
		{09875011-5A3A-4A87-9154-56CEBA5287CC} = {0886FCA7-DE0A-4CC9-BF7C-659B6256ED54}
		{B9C07184-F01C-4981-AC60-A0172EEB206B} = {0886FCA7-DE0A-4CC9-BF7C-659B6256ED54}
		{6F37B4C5-B061-4E35-B9A2-CB2A878C431C} = {0886FCA7-DE0A-4CC9-BF7C-659B6256ED54}
		{3DDBF088-9558-4DA8-8373-FEF359260379} = {0886FCA7-DE0A-4CC9-BF7C-659B6256ED54}
	EndGlobalSection
	GlobalSection(ProjectConfigurationPlatforms) = postSolution
		{A134DBC7-6D08-4049-A714-3716BE159965}.Debug|Any CPU.ActiveCfg = Debug|Any CPU
		{A134DBC7-6D08-4049-A714-3716BE159965}.Debug|Any CPU.Build.0 = Debug|Any CPU
		{A134DBC7-6D08-4049-A714-3716BE159965}.Release|Any CPU.ActiveCfg = Release|Any CPU
		{A134DBC7-6D08-4049-A714-3716BE159965}.Release|Any CPU.Build.0 = Release|Any CPU
		{25E706D4-DD6D-42D6-9BBE-832B673E1A56}.Debug|Any CPU.ActiveCfg = Debug|Any CPU
		{25E706D4-DD6D-42D6-9BBE-832B673E1A56}.Debug|Any CPU.Build.0 = Debug|Any CPU
		{25E706D4-DD6D-42D6-9BBE-832B673E1A56}.Release|Any CPU.ActiveCfg = Release|Any CPU
		{25E706D4-DD6D-42D6-9BBE-832B673E1A56}.Release|Any CPU.Build.0 = Release|Any CPU
		{A4C32FF8-E075-4983-90A1-F1BEA05FC059}.Debug|Any CPU.ActiveCfg = Debug|Any CPU
		{A4C32FF8-E075-4983-90A1-F1BEA05FC059}.Debug|Any CPU.Build.0 = Debug|Any CPU
		{A4C32FF8-E075-4983-90A1-F1BEA05FC059}.Release|Any CPU.ActiveCfg = Release|Any CPU
		{A4C32FF8-E075-4983-90A1-F1BEA05FC059}.Release|Any CPU.Build.0 = Release|Any CPU
		{9042A348-2B7C-48F2-8E40-90CE4EE6F155}.Debug|Any CPU.ActiveCfg = Debug|Any CPU
		{9042A348-2B7C-48F2-8E40-90CE4EE6F155}.Debug|Any CPU.Build.0 = Debug|Any CPU
		{9042A348-2B7C-48F2-8E40-90CE4EE6F155}.Release|Any CPU.ActiveCfg = Release|Any CPU
		{9042A348-2B7C-48F2-8E40-90CE4EE6F155}.Release|Any CPU.Build.0 = Release|Any CPU
		{09875011-5A3A-4A87-9154-56CEBA5287CC}.Debug|Any CPU.ActiveCfg = Debug|Any CPU
		{09875011-5A3A-4A87-9154-56CEBA5287CC}.Debug|Any CPU.Build.0 = Debug|Any CPU
		{09875011-5A3A-4A87-9154-56CEBA5287CC}.Release|Any CPU.ActiveCfg = Release|Any CPU
		{09875011-5A3A-4A87-9154-56CEBA5287CC}.Release|Any CPU.Build.0 = Release|Any CPU
		{B9C07184-F01C-4981-AC60-A0172EEB206B}.Debug|Any CPU.ActiveCfg = Debug|Any CPU
		{B9C07184-F01C-4981-AC60-A0172EEB206B}.Debug|Any CPU.Build.0 = Debug|Any CPU
		{B9C07184-F01C-4981-AC60-A0172EEB206B}.Release|Any CPU.ActiveCfg = Release|Any CPU
		{B9C07184-F01C-4981-AC60-A0172EEB206B}.Release|Any CPU.Build.0 = Release|Any CPU
		{6F37B4C5-B061-4E35-B9A2-CB2A878C431C}.Debug|Any CPU.ActiveCfg = Debug|Any CPU
		{6F37B4C5-B061-4E35-B9A2-CB2A878C431C}.Debug|Any CPU.Build.0 = Debug|Any CPU
		{6F37B4C5-B061-4E35-B9A2-CB2A878C431C}.Release|Any CPU.ActiveCfg = Release|Any CPU
		{6F37B4C5-B061-4E35-B9A2-CB2A878C431C}.Release|Any CPU.Build.0 = Release|Any CPU
		{3DDBF088-9558-4DA8-8373-FEF359260379}.Debug|Any CPU.ActiveCfg = Debug|Any CPU
		{3DDBF088-9558-4DA8-8373-FEF359260379}.Debug|Any CPU.Build.0 = Debug|Any CPU
		{3DDBF088-9558-4DA8-8373-FEF359260379}.Release|Any CPU.ActiveCfg = Release|Any CPU
		{3DDBF088-9558-4DA8-8373-FEF359260379}.Release|Any CPU.Build.0 = Release|Any CPU
	EndGlobalSection
EndGlobal
